
Microsoft Visual Studio Solution File, Format Version 12.00
# Visual Studio Version 16
VisualStudioVersion = 16.0.31702.278
MinimumVisualStudioVersion = 10.0.40219.1
Project("{FAE04EC0-301F-11D3-BF4B-00C04F79EFBC}") = "Intranet", "Intranet\Intranet.csproj", "{FA525702-F0EC-4F7F-AC46-017010FAE1B1}"
EndProject
Global
	GlobalSection(SolutionConfigurationPlatforms) = preSolution
		Debug|Any CPU = Debug|Any CPU
		Release|Any CPU = Release|Any CPU
	EndGlobalSection
	GlobalSection(ProjectConfigurationPlatforms) = postSolution
		{FA525702-F0EC-4F7F-AC46-017010FAE1B1}.Debug|Any CPU.ActiveCfg = Debug|Any CPU
		{FA525702-F0EC-4F7F-AC46-017010FAE1B1}.Debug|Any CPU.Build.0 = Debug|Any CPU
		{FA525702-F0EC-4F7F-AC46-017010FAE1B1}.Release|Any CPU.ActiveCfg = Release|Any CPU
		{FA525702-F0EC-4F7F-AC46-017010FAE1B1}.Release|Any CPU.Build.0 = Release|Any CPU
	EndGlobalSection
	GlobalSection(SolutionProperties) = preSolution
		HideSolutionNode = FALSE
	EndGlobalSection
	GlobalSection(ExtensibilityGlobals) = postSolution
		SolutionGuid = {E826822B-0748-4978-9C5A-0D8750C802A7}
	EndGlobalSection
EndGlobal
